// !$*UTF8*$!
{
	archiveVersion = 1;
	classes = {
	};
	objectVersion = 46;
	objects = {

/* Begin PBXBuildFile section */
		38FF4B6119C6597400D99B71 /* AppDelegate.swift in Sources */ = {isa = PBXBuildFile; fileRef = 38FF4B6019C6597400D99B71 /* AppDelegate.swift */; };
		38FF4B6319C6597400D99B71 /* ViewController.swift in Sources */ = {isa = PBXBuildFile; fileRef = 38FF4B6219C6597400D99B71 /* ViewController.swift */; };
		38FF4B6619C6597400D99B71 /* Main.storyboard in Resources */ = {isa = PBXBuildFile; fileRef = 38FF4B6419C6597400D99B71 /* Main.storyboard */; };
		38FF4B6819C6597400D99B71 /* Images.xcassets in Resources */ = {isa = PBXBuildFile; fileRef = 38FF4B6719C6597400D99B71 /* Images.xcassets */; };
		38FF4B6B19C6597400D99B71 /* LaunchScreen.xib in Resources */ = {isa = PBXBuildFile; fileRef = 38FF4B6919C6597400D99B71 /* LaunchScreen.xib */; };
		38FF4B7719C6597400D99B71 /* swift_clockTests.swift in Sources */ = {isa = PBXBuildFile; fileRef = 38FF4B7619C6597400D99B71 /* swift_clockTests.swift */; };
		38FF4B8119C6633800D99B71 /* ViewController in Resources */ = {isa = PBXBuildFile; fileRef = 38FF4B8019C6633800D99B71 /* ViewController */; };
		38FF4B8219C6633800D99B71 /* ViewController in Resources */ = {isa = PBXBuildFile; fileRef = 38FF4B8019C6633800D99B71 /* ViewController */; };
/* End PBXBuildFile section */

/* Begin PBXContainerItemProxy section */
		38FF4B7119C6597400D99B71 /* PBXContainerItemProxy */ = {
			isa = PBXContainerItemProxy;
			containerPortal = 38FF4B5319C6597400D99B71 /* Project object */;
			proxyType = 1;
			remoteGlobalIDString = 38FF4B5A19C6597400D99B71;
			remoteInfo = "swift-clock";
		};
/* End PBXContainerItemProxy section */

/* Begin PBXFileReference section */
		38FF4B5B19C6597400D99B71 /* swift-clock.app */ = {isa = PBXFileReference; explicitFileType = wrapper.application; includeInIndex = 0; path = "swift-clock.app"; sourceTree = BUILT_PRODUCTS_DIR; };
		38FF4B5F19C6597400D99B71 /* Info.plist */ = {isa = PBXFileReference; lastKnownFileType = text.plist.xml; path = Info.plist; sourceTree = "<group>"; };
		38FF4B6019C6597400D99B71 /* AppDelegate.swift */ = {isa = PBXFileReference; lastKnownFileType = sourcecode.swift; path = AppDelegate.swift; sourceTree = "<group>"; };
		38FF4B6219C6597400D99B71 /* ViewController.swift */ = {isa = PBXFileReference; lastKnownFileType = sourcecode.swift; path = ViewController.swift; sourceTree = "<group>"; };
		38FF4B6519C6597400D99B71 /* Base */ = {isa = PBXFileReference; lastKnownFileType = file.storyboard; name = Base; path = Base.lproj/Main.storyboard; sourceTree = "<group>"; };
		38FF4B6719C6597400D99B71 /* Images.xcassets */ = {isa = PBXFileReference; lastKnownFileType = folder.assetcatalog; path = Images.xcassets; sourceTree = "<group>"; };
		38FF4B6A19C6597400D99B71 /* Base */ = {isa = PBXFileReference; lastKnownFileType = file.xib; name = Base; path = Base.lproj/LaunchScreen.xib; sourceTree = "<group>"; };
		38FF4B7019C6597400D99B71 /* swift-clockTests.xctest */ = {isa = PBXFileReference; explicitFileType = wrapper.cfbundle; includeInIndex = 0; path = "swift-clockTests.xctest"; sourceTree = BUILT_PRODUCTS_DIR; };
		38FF4B7519C6597400D99B71 /* Info.plist */ = {isa = PBXFileReference; lastKnownFileType = text.plist.xml; path = Info.plist; sourceTree = "<group>"; };
		38FF4B7619C6597400D99B71 /* swift_clockTests.swift */ = {isa = PBXFileReference; lastKnownFileType = sourcecode.swift; path = swift_clockTests.swift; sourceTree = "<group>"; };
		38FF4B8019C6633800D99B71 /* ViewController */ = {isa = PBXFileReference; fileEncoding = 4; lastKnownFileType = text; name = ViewController; path = ../../../../../xcode/ViewController; sourceTree = "<group>"; };
/* End PBXFileReference section */

/* Begin PBXFrameworksBuildPhase section */
		38FF4B5819C6597400D99B71 /* Frameworks */ = {
			isa = PBXFrameworksBuildPhase;
			buildActionMask = 2147483647;
			files = (
			);
			runOnlyForDeploymentPostprocessing = 0;
		};
		38FF4B6D19C6597400D99B71 /* Frameworks */ = {
			isa = PBXFrameworksBuildPhase;
			buildActionMask = 2147483647;
			files = (
			);
			runOnlyForDeploymentPostprocessing = 0;
		};
/* End PBXFrameworksBuildPhase section */

/* Begin PBXGroup section */
		38FF4B5219C6597400D99B71 = {
			isa = PBXGroup;
			children = (
				38FF4B5D19C6597400D99B71 /* swift-clock */,
				38FF4B7319C6597400D99B71 /* swift-clockTests */,
				38FF4B5C19C6597400D99B71 /* Products */,
			);
			sourceTree = "<group>";
		};
		38FF4B5C19C6597400D99B71 /* Products */ = {
			isa = PBXGroup;
			children = (
				38FF4B5B19C6597400D99B71 /* swift-clock.app */,
				38FF4B7019C6597400D99B71 /* swift-clockTests.xctest */,
			);
			name = Products;
			sourceTree = "<group>";
		};
		38FF4B5D19C6597400D99B71 /* swift-clock */ = {
			isa = PBXGroup;
			children = (
				38FF4B6019C6597400D99B71 /* AppDelegate.swift */,
				38FF4B6219C6597400D99B71 /* ViewController.swift */,
				38FF4B8019C6633800D99B71 /* ViewController */,
				38FF4B6419C6597400D99B71 /* Main.storyboard */,
				38FF4B6719C6597400D99B71 /* Images.xcassets */,
				38FF4B6919C6597400D99B71 /* LaunchScreen.xib */,
				38FF4B5E19C6597400D99B71 /* Supporting Files */,
			);
			path = "swift-clock";
			sourceTree = "<group>";
		};
		38FF4B5E19C6597400D99B71 /* Supporting Files */ = {
			isa = PBXGroup;
			children = (
				38FF4B5F19C6597400D99B71 /* Info.plist */,
			);
			name = "Supporting Files";
			sourceTree = "<group>";
		};
		38FF4B7319C6597400D99B71 /* swift-clockTests */ = {
			isa = PBXGroup;
			children = (
				38FF4B7619C6597400D99B71 /* swift_clockTests.swift */,
				38FF4B7419C6597400D99B71 /* Supporting Files */,
			);
			path = "swift-clockTests";
			sourceTree = "<group>";
		};
		38FF4B7419C6597400D99B71 /* Supporting Files */ = {
			isa = PBXGroup;
			children = (
				38FF4B7519C6597400D99B71 /* Info.plist */,
			);
			name = "Supporting Files";
			sourceTree = "<group>";
		};
/* End PBXGroup section */

/* Begin PBXNativeTarget section */
		38FF4B5A19C6597400D99B71 /* swift-clock */ = {
			isa = PBXNativeTarget;
			buildConfigurationList = 38FF4B7A19C6597400D99B71 /* Build configuration list for PBXNativeTarget "swift-clock" */;
			buildPhases = (
				38FF4B5719C6597400D99B71 /* Sources */,
				38FF4B5819C6597400D99B71 /* Frameworks */,
				38FF4B5919C6597400D99B71 /* Resources */,
			);
			buildRules = (
			);
			dependencies = (
			);
			name = "swift-clock";
			productName = "swift-clock";
			productReference = 38FF4B5B19C6597400D99B71 /* swift-clock.app */;
			productType = "com.apple.product-type.application";
		};
		38FF4B6F19C6597400D99B71 /* swift-clockTests */ = {
			isa = PBXNativeTarget;
			buildConfigurationList = 38FF4B7D19C6597400D99B71 /* Build configuration list for PBXNativeTarget "swift-clockTests" */;
			buildPhases = (
				38FF4B6C19C6597400D99B71 /* Sources */,
				38FF4B6D19C6597400D99B71 /* Frameworks */,
				38FF4B6E19C6597400D99B71 /* Resources */,
			);
			buildRules = (
			);
			dependencies = (
				38FF4B7219C6597400D99B71 /* PBXTargetDependency */,
			);
			name = "swift-clockTests";
			productName = "swift-clockTests";
			productReference = 38FF4B7019C6597400D99B71 /* swift-clockTests.xctest */;
			productType = "com.apple.product-type.bundle.unit-test";
		};
/* End PBXNativeTarget section */

/* Begin PBXProject section */
		38FF4B5319C6597400D99B71 /* Project object */ = {
			isa = PBXProject;
			attributes = {
				LastUpgradeCheck = 0600;
				ORGANIZATIONNAME = "Jean de Klerk";
				TargetAttributes = {
					38FF4B5A19C6597400D99B71 = {
						CreatedOnToolsVersion = 6.0;
					};
					38FF4B6F19C6597400D99B71 = {
						CreatedOnToolsVersion = 6.0;
						TestTargetID = 38FF4B5A19C6597400D99B71;
					};
				};
			};
			buildConfigurationList = 38FF4B5619C6597400D99B71 /* Build configuration list for PBXProject "swift-clock" */;
			compatibilityVersion = "Xcode 3.2";
			developmentRegion = English;
			hasScannedForEncodings = 0;
			knownRegions = (
				en,
				Base,
			);
			mainGroup = 38FF4B5219C6597400D99B71;
			productRefGroup = 38FF4B5C19C6597400D99B71 /* Products */;
			projectDirPath = "";
			projectRoot = "";
			targets = (
				38FF4B5A19C6597400D99B71 /* swift-clock */,
				38FF4B6F19C6597400D99B71 /* swift-clockTests */,
			);
		};
/* End PBXProject section */

/* Begin PBXResourcesBuildPhase section */
		38FF4B5919C6597400D99B71 /* Resources */ = {
			isa = PBXResourcesBuildPhase;
			buildActionMask = 2147483647;
			files = (
				38FF4B6619C6597400D99B71 /* Main.storyboard in Resources */,
				38FF4B8119C6633800D99B71 /* ViewController in Resources */,
				38FF4B6B19C6597400D99B71 /* LaunchScreen.xib in Resources */,
				38FF4B6819C6597400D99B71 /* Images.xcassets in Resources */,
			);
			runOnlyForDeploymentPostprocessing = 0;
		};
		38FF4B6E19C6597400D99B71 /* Resources */ = {
			isa = PBXResourcesBuildPhase;
			buildActionMask = 2147483647;
			files = (
				38FF4B8219C6633800D99B71 /* ViewController in Resources */,
			);
			runOnlyForDeploymentPostprocessing = 0;
		};
/* End PBXResourcesBuildPhase section */

/* Begin PBXSourcesBuildPhase section */
		38FF4B5719C6597400D99B71 /* Sources */ = {
			isa = PBXSourcesBuildPhase;
			buildActionMask = 2147483647;
			files = (
				38FF4B6319C6597400D99B71 /* ViewController.swift in Sources */,
				38FF4B6119C6597400D99B71 /* AppDelegate.swift in Sources */,
			);
			runOnlyForDeploymentPostprocessing = 0;
		};
		38FF4B6C19C6597400D99B71 /* Sources */ = {
			isa = PBXSourcesBuildPhase;
			buildActionMask = 2147483647;
			files = (
				38FF4B7719C6597400D99B71 /* swift_clockTests.swift in Sources */,
			);
			runOnlyForDeploymentPostprocessing = 0;
		};
/* End PBXSourcesBuildPhase section */

/* Begin PBXTargetDependency section */
		38FF4B7219C6597400D99B71 /* PBXTargetDependency */ = {
			isa = PBXTargetDependency;
			target = 38FF4B5A19C6597400D99B71 /* swift-clock */;
			targetProxy = 38FF4B7119C6597400D99B71 /* PBXContainerItemProxy */;
		};
/* End PBXTargetDependency section */

/* Begin PBXVariantGroup section */
		38FF4B6419C6597400D99B71 /* Main.storyboard */ = {
			isa = PBXVariantGroup;
			children = (
				38FF4B6519C6597400D99B71 /* Base */,
			);
			name = Main.storyboard;
			sourceTree = "<group>";
		};
		38FF4B6919C6597400D99B71 /* LaunchScreen.xib */ = {
			isa = PBXVariantGroup;
			children = (
				38FF4B6A19C6597400D99B71 /* Base */,
			);
			name = LaunchScreen.xib;
			sourceTree = "<group>";
		};
/* End PBXVariantGroup section */

/* Begin XCBuildConfiguration section */
		38FF4B7819C6597400D99B71 /* Debug */ = {
			isa = XCBuildConfiguration;
			buildSettings = {
				ALWAYS_SEARCH_USER_PATHS = NO;
				CLANG_CXX_LANGUAGE_STANDARD = "gnu++0x";
				CLANG_CXX_LIBRARY = "libc++";
				CLANG_ENABLE_MODULES = YES;
				CLANG_ENABLE_OBJC_ARC = YES;
				CLANG_WARN_BOOL_CONVERSION = YES;
				CLANG_WARN_CONSTANT_CONVERSION = YES;
				CLANG_WARN_DIRECT_OBJC_ISA_USAGE = YES_ERROR;
				CLANG_WARN_EMPTY_BODY = YES;
				CLANG_WARN_ENUM_CONVERSION = YES;
				CLANG_WARN_INT_CONVERSION = YES;
				CLANG_WARN_OBJC_ROOT_CLASS = YES_ERROR;
				CLANG_WARN_UNREACHABLE_CODE = YES;
				CLANG_WARN__DUPLICATE_METHOD_MATCH = YES;
				"CODE_SIGN_IDENTITY[sdk=iphoneos*]" = "iPhone Developer";
				COPY_PHASE_STRIP = NO;
				ENABLE_STRICT_OBJC_MSGSEND = YES;
				GCC_C_LANGUAGE_STANDARD = gnu99;
				GCC_DYNAMIC_NO_PIC = NO;
				GCC_OPTIMIZATION_LEVEL = 0;
				GCC_PREPROCESSOR_DEFINITIONS = (
					"DEBUG=1",
					"$(inherited)",
				);
				GCC_SYMBOLS_PRIVATE_EXTERN = NO;
				GCC_WARN_64_TO_32_BIT_CONVERSION = YES;
				GCC_WARN_ABOUT_RETURN_TYPE = YES_ERROR;
				GCC_WARN_UNDECLARED_SELECTOR = YES;
				GCC_WARN_UNINITIALIZED_AUTOS = YES_AGGRESSIVE;
				GCC_WARN_UNUSED_FUNCTION = YES;
				GCC_WARN_UNUSED_VARIABLE = YES;
				IPHONEOS_DEPLOYMENT_TARGET = 8.0;
				MTL_ENABLE_DEBUG_INFO = YES;
				ONLY_ACTIVE_ARCH = YES;
				SDKROOT = iphoneos;
				SWIFT_OPTIMIZATION_LEVEL = "-Onone";
			};
			name = Debug;
		};
		38FF4B7919C6597400D99B71 /* Release */ = {
			isa = XCBuildConfiguration;
			buildSettings = {
				ALWAYS_SEARCH_USER_PATHS = NO;
				CLANG_CXX_LANGUAGE_STANDARD = "gnu++0x";
				CLANG_CXX_LIBRARY = "libc++";
				CLANG_ENABLE_MODULES = YES;
				CLANG_ENABLE_OBJC_ARC = YES;
				CLANG_WARN_BOOL_CONVERSION = YES;
				CLANG_WARN_CONSTANT_CONVERSION = YES;
				CLANG_WARN_DIRECT_OBJC_ISA_USAGE = YES_ERROR;
				CLANG_WARN_EMPTY_BODY = YES;
				CLANG_WARN_ENUM_CONVERSION = YES;
				CLANG_WARN_INT_CONVERSION = YES;
				CLANG_WARN_OBJC_ROOT_CLASS = YES_ERROR;
				CLANG_WARN_UNREACHABLE_CODE = YES;
				CLANG_WARN__DUPLICATE_METHOD_MATCH = YES;
				"CODE_SIGN_IDENTITY[sdk=iphoneos*]" = "iPhone Developer";
				COPY_PHASE_STRIP = YES;
				ENABLE_NS_ASSERTIONS = NO;
				ENABLE_STRICT_OBJC_MSGSEND = YES;
				GCC_C_LANGUAGE_STANDARD = gnu99;
				GCC_WARN_64_TO_32_BIT_CONVERSION = YES;
				GCC_WARN_ABOUT_RETURN_TYPE = YES_ERROR;
				GCC_WARN_UNDECLARED_SELECTOR = YES;
				GCC_WARN_UNINITIALIZED_AUTOS = YES_AGGRESSIVE;
				GCC_WARN_UNUSED_FUNCTION = YES;
				GCC_WARN_UNUSED_VARIABLE = YES;
				IPHONEOS_DEPLOYMENT_TARGET = 8.0;
				MTL_ENABLE_DEBUG_INFO = NO;
				SDKROOT = iphoneos;
				VALIDATE_PRODUCT = YES;
			};
			name = Release;
		};
		38FF4B7B19C6597400D99B71 /* Debug */ = {
			isa = XCBuildConfiguration;
			buildSettings = {
				ASSETCATALOG_COMPILER_APPICON_NAME = AppIcon;
				INFOPLIST_FILE = "swift-clock/Info.plist";
				LD_RUNPATH_SEARCH_PATHS = "$(inherited) @executable_path/Frameworks";
				PRODUCT_NAME = "$(TARGET_NAME)";
			};
			name = Debug;
		};
		38FF4B7C19C6597400D99B71 /* Release */ = {
			isa = XCBuildConfiguration;
			buildSettings = {
				ASSETCATALOG_COMPILER_APPICON_NAME = AppIcon;
				INFOPLIST_FILE = "swift-clock/Info.plist";
				LD_RUNPATH_SEARCH_PATHS = "$(inherited) @executable_path/Frameworks";
				PRODUCT_NAME = "$(TARGET_NAME)";
			};
			name = Release;
		};
		38FF4B7E19C6597400D99B71 /* Debug */ = {
			isa = XCBuildConfiguration;
			buildSettings = {
				BUNDLE_LOADER = "$(TEST_HOST)";
				FRAMEWORK_SEARCH_PATHS = (
					"$(SDKROOT)/Developer/Library/Frameworks",
					"$(inherited)",
				);
				GCC_PREPROCESSOR_DEFINITIONS = (
					"DEBUG=1",
					"$(inherited)",
				);
				INFOPLIST_FILE = "swift-clockTests/Info.plist";
				LD_RUNPATH_SEARCH_PATHS = "$(inherited) @executable_path/Frameworks @loader_path/Frameworks";
				PRODUCT_NAME = "$(TARGET_NAME)";
				TEST_HOST = "$(BUILT_PRODUCTS_DIR)/swift-clock.app/swift-clock";
			};
			name = Debug;
		};
		38FF4B7F19C6597400D99B71 /* Release */ = {
			isa = XCBuildConfiguration;
			buildSettings = {
				BUNDLE_LOADER = "$(TEST_HOST)";
				FRAMEWORK_SEARCH_PATHS = (
					"$(SDKROOT)/Developer/Library/Frameworks",
					"$(inherited)",
				);
				INFOPLIST_FILE = "swift-clockTests/Info.plist";
				LD_RUNPATH_SEARCH_PATHS = "$(inherited) @executable_path/Frameworks @loader_path/Frameworks";
				PRODUCT_NAME = "$(TARGET_NAME)";
				TEST_HOST = "$(BUILT_PRODUCTS_DIR)/swift-clock.app/swift-clock";
			};
			name = Release;
		};
/* End XCBuildConfiguration section */

/* Begin XCConfigurationList section */
		38FF4B5619C6597400D99B71 /* Build configuration list for PBXProject "swift-clock" */ = {
			isa = XCConfigurationList;
			buildConfigurations = (
				38FF4B7819C6597400D99B71 /* Debug */,
				38FF4B7919C6597400D99B71 /* Release */,
			);
			defaultConfigurationIsVisible = 0;
			defaultConfigurationName = Release;
		};
		38FF4B7A19C6597400D99B71 /* Build configuration list for PBXNativeTarget "swift-clock" */ = {
			isa = XCConfigurationList;
			buildConfigurations = (
				38FF4B7B19C6597400D99B71 /* Debug */,
				38FF4B7C19C6597400D99B71 /* Release */,
			);
			defaultConfigurationIsVisible = 0;
		};
		38FF4B7D19C6597400D99B71 /* Build configuration list for PBXNativeTarget "swift-clockTests" */ = {
			isa = XCConfigurationList;
			buildConfigurations = (
				38FF4B7E19C6597400D99B71 /* Debug */,
				38FF4B7F19C6597400D99B71 /* Release */,
			);
			defaultConfigurationIsVisible = 0;
		};
/* End XCConfigurationList section */
	};
	rootObject = 38FF4B5319C6597400D99B71 /* Project object */;
}
